
Microsoft Visual Studio Solution File, Format Version 12.00
# Visual Studio Version 17
VisualStudioVersion = 17.2.32630.192
MinimumVisualStudioVersion = 10.0.40219.1
Project("{9A19103F-16F7-4668-BE54-9A1E7A4F7556}") = "MyServerBase", "MyServerBase\MyServerBase.csproj", "{2B7C2989-F9B2-4FFC-A102-D2010F6D9589}"
EndProject
Project("{9A19103F-16F7-4668-BE54-9A1E7A4F7556}") = "SampleServer", "SampleServer\SampleServer.csproj", "{7F709B12-1D6A-403F-9824-9710983B32A8}"
EndProject
Project("{9A19103F-16F7-4668-BE54-9A1E7A4F7556}") = "SampleClient", "SampleClient\SampleClient.csproj", "{7495E66B-8EB2-400E-8674-04967D8E82D0}"
EndProject
Project("{FAE04EC0-301F-11D3-BF4B-00C04F79EFBC}") = "Study", "Study\Study.csproj", "{475BC2DC-2488-4F22-B29F-4067D5CE6E26}"
EndProject
Global
	GlobalSection(SolutionConfigurationPlatforms) = preSolution
		Debug|Any CPU = Debug|Any CPU
		Release|Any CPU = Release|Any CPU
	EndGlobalSection
	GlobalSection(ProjectConfigurationPlatforms) = postSolution
		{2B7C2989-F9B2-4FFC-A102-D2010F6D9589}.Debug|Any CPU.ActiveCfg = Debug|Any CPU
		{2B7C2989-F9B2-4FFC-A102-D2010F6D9589}.Debug|Any CPU.Build.0 = Debug|Any CPU
		{2B7C2989-F9B2-4FFC-A102-D2010F6D9589}.Release|Any CPU.ActiveCfg = Release|Any CPU
		{2B7C2989-F9B2-4FFC-A102-D2010F6D9589}.Release|Any CPU.Build.0 = Release|Any CPU
		{7F709B12-1D6A-403F-9824-9710983B32A8}.Debug|Any CPU.ActiveCfg = Debug|Any CPU
		{7F709B12-1D6A-403F-9824-9710983B32A8}.Debug|Any CPU.Build.0 = Debug|Any CPU
		{7F709B12-1D6A-403F-9824-9710983B32A8}.Release|Any CPU.ActiveCfg = Release|Any CPU
		{7F709B12-1D6A-403F-9824-9710983B32A8}.Release|Any CPU.Build.0 = Release|Any CPU
		{7495E66B-8EB2-400E-8674-04967D8E82D0}.Debug|Any CPU.ActiveCfg = Debug|Any CPU
		{7495E66B-8EB2-400E-8674-04967D8E82D0}.Debug|Any CPU.Build.0 = Debug|Any CPU
		{7495E66B-8EB2-400E-8674-04967D8E82D0}.Release|Any CPU.ActiveCfg = Release|Any CPU
		{7495E66B-8EB2-400E-8674-04967D8E82D0}.Release|Any CPU.Build.0 = Release|Any CPU
		{475BC2DC-2488-4F22-B29F-4067D5CE6E26}.Debug|Any CPU.ActiveCfg = Debug|Any CPU
		{475BC2DC-2488-4F22-B29F-4067D5CE6E26}.Debug|Any CPU.Build.0 = Debug|Any CPU
		{475BC2DC-2488-4F22-B29F-4067D5CE6E26}.Release|Any CPU.ActiveCfg = Release|Any CPU
		{475BC2DC-2488-4F22-B29F-4067D5CE6E26}.Release|Any CPU.Build.0 = Release|Any CPU
	EndGlobalSection
	GlobalSection(SolutionProperties) = preSolution
		HideSolutionNode = FALSE
	EndGlobalSection
	GlobalSection(ExtensibilityGlobals) = postSolution
		SolutionGuid = {7364EACF-A8D4-4E66-80CD-B75926B8A87E}
	EndGlobalSection
EndGlobal
